
Microsoft Visual Studio Solution File, Format Version 12.00
# Visual Studio Version 17
VisualStudioVersion = 17.5.33516.290
MinimumVisualStudioVersion = 10.0.40219.1
Project("{FAE04EC0-301F-11D3-BF4B-00C04F79EFBC}") = "RabbitMQAppKonsumentAwarii", "RabbitMQAppKonsumentAwarii.csproj", "{F3338A11-F1C2-41A9-9DA1-2A6FF952F9CE}"
EndProject
Global
	GlobalSection(SolutionConfigurationPlatforms) = preSolution
		Debug|Any CPU = Debug|Any CPU
		Release|Any CPU = Release|Any CPU
	EndGlobalSection
	GlobalSection(ProjectConfigurationPlatforms) = postSolution
		{F3338A11-F1C2-41A9-9DA1-2A6FF952F9CE}.Debug|Any CPU.ActiveCfg = Debug|Any CPU
		{F3338A11-F1C2-41A9-9DA1-2A6FF952F9CE}.Debug|Any CPU.Build.0 = Debug|Any CPU
		{F3338A11-F1C2-41A9-9DA1-2A6FF952F9CE}.Release|Any CPU.ActiveCfg = Release|Any CPU
		{F3338A11-F1C2-41A9-9DA1-2A6FF952F9CE}.Release|Any CPU.Build.0 = Release|Any CPU
	EndGlobalSection
	GlobalSection(SolutionProperties) = preSolution
		HideSolutionNode = FALSE
	EndGlobalSection
	GlobalSection(ExtensibilityGlobals) = postSolution
		SolutionGuid = {9FE7F6F1-1353-46CB-B3CC-EC84088BD8A4}
	EndGlobalSection
EndGlobal
