
Microsoft Visual Studio Solution File, Format Version 12.00
# Visual Studio Version 17
VisualStudioVersion = 17.5.33516.290
MinimumVisualStudioVersion = 10.0.40219.1
Project("{FAE04EC0-301F-11D3-BF4B-00C04F79EFBC}") = "RabbitMQAppKonsumentFaktury", "RabbitMQAppKonsumentFaktury.csproj", "{BAD3466F-0441-42B2-B59C-E34B0F49AFD0}"
EndProject
Global
	GlobalSection(SolutionConfigurationPlatforms) = preSolution
		Debug|Any CPU = Debug|Any CPU
		Release|Any CPU = Release|Any CPU
	EndGlobalSection
	GlobalSection(ProjectConfigurationPlatforms) = postSolution
		{BAD3466F-0441-42B2-B59C-E34B0F49AFD0}.Debug|Any CPU.ActiveCfg = Debug|Any CPU
		{BAD3466F-0441-42B2-B59C-E34B0F49AFD0}.Debug|Any CPU.Build.0 = Debug|Any CPU
		{BAD3466F-0441-42B2-B59C-E34B0F49AFD0}.Release|Any CPU.ActiveCfg = Release|Any CPU
		{BAD3466F-0441-42B2-B59C-E34B0F49AFD0}.Release|Any CPU.Build.0 = Release|Any CPU
	EndGlobalSection
	GlobalSection(SolutionProperties) = preSolution
		HideSolutionNode = FALSE
	EndGlobalSection
	GlobalSection(ExtensibilityGlobals) = postSolution
		SolutionGuid = {14887E49-2F45-4AC3-BBE2-CF99BB5423B2}
	EndGlobalSection
EndGlobal
